
Microsoft Visual Studio Solution File, Format Version 12.00
# Visual Studio Version 17
VisualStudioVersion = 17.4.32804.182
MinimumVisualStudioVersion = 10.0.40219.1
Project("{9A19103F-16F7-4668-BE54-9A1E7A4F7556}") = "HuntTrainAssistant", "HuntTrainAssistant\HuntTrainAssistant.csproj", "{0FA0B36E-6565-4082-9CDD-F5228DC8956D}"
EndProject
Project("{9A19103F-16F7-4668-BE54-9A1E7A4F7556}") = "NightmareUI", "NightmareUI\NightmareUI\NightmareUI.csproj", "{588FB83D-EFFC-41C3-BAC2-93277A6C2347}"
EndProject
Project("{9A19103F-16F7-4668-BE54-9A1E7A4F7556}") = "ECommons", "ECommons\ECommons\ECommons.csproj", "{17F7EB87-8197-4936-8FFF-F6B19D263EF4}"
EndProject
Global
	GlobalSection(SolutionConfigurationPlatforms) = preSolution
		Debug|Any CPU = Debug|Any CPU
		Debug|x64 = Debug|x64
		Release|Any CPU = Release|Any CPU
		Release|x64 = Release|x64
	EndGlobalSection
	GlobalSection(ProjectConfigurationPlatforms) = postSolution
		{0FA0B36E-6565-4082-9CDD-F5228DC8956D}.Debug|Any CPU.ActiveCfg = Debug|x64
		{0FA0B36E-6565-4082-9CDD-F5228DC8956D}.Debug|Any CPU.Build.0 = Debug|x64
		{0FA0B36E-6565-4082-9CDD-F5228DC8956D}.Debug|x64.ActiveCfg = Debug|x64
		{0FA0B36E-6565-4082-9CDD-F5228DC8956D}.Debug|x64.Build.0 = Debug|x64
		{0FA0B36E-6565-4082-9CDD-F5228DC8956D}.Release|Any CPU.ActiveCfg = Release|x64
		{0FA0B36E-6565-4082-9CDD-F5228DC8956D}.Release|Any CPU.Build.0 = Release|x64
		{0FA0B36E-6565-4082-9CDD-F5228DC8956D}.Release|x64.ActiveCfg = Release|x64
		{0FA0B36E-6565-4082-9CDD-F5228DC8956D}.Release|x64.Build.0 = Release|x64
		{588FB83D-EFFC-41C3-BAC2-93277A6C2347}.Debug|Any CPU.ActiveCfg = Debug|x64
		{588FB83D-EFFC-41C3-BAC2-93277A6C2347}.Debug|Any CPU.Build.0 = Debug|x64
		{588FB83D-EFFC-41C3-BAC2-93277A6C2347}.Debug|x64.ActiveCfg = Debug|x64
		{588FB83D-EFFC-41C3-BAC2-93277A6C2347}.Debug|x64.Build.0 = Debug|x64
		{588FB83D-EFFC-41C3-BAC2-93277A6C2347}.Release|Any CPU.ActiveCfg = Release|x64
		{588FB83D-EFFC-41C3-BAC2-93277A6C2347}.Release|Any CPU.Build.0 = Release|x64
		{588FB83D-EFFC-41C3-BAC2-93277A6C2347}.Release|x64.ActiveCfg = Release|x64
		{588FB83D-EFFC-41C3-BAC2-93277A6C2347}.Release|x64.Build.0 = Release|x64
		{17F7EB87-8197-4936-8FFF-F6B19D263EF4}.Debug|Any CPU.ActiveCfg = Debug|x64
		{17F7EB87-8197-4936-8FFF-F6B19D263EF4}.Debug|Any CPU.Build.0 = Debug|x64
		{17F7EB87-8197-4936-8FFF-F6B19D263EF4}.Debug|x64.ActiveCfg = Debug|x64
		{17F7EB87-8197-4936-8FFF-F6B19D263EF4}.Debug|x64.Build.0 = Debug|x64
		{17F7EB87-8197-4936-8FFF-F6B19D263EF4}.Release|Any CPU.ActiveCfg = Release|x64
		{17F7EB87-8197-4936-8FFF-F6B19D263EF4}.Release|Any CPU.Build.0 = Release|x64
		{17F7EB87-8197-4936-8FFF-F6B19D263EF4}.Release|x64.ActiveCfg = Release|x64
		{17F7EB87-8197-4936-8FFF-F6B19D263EF4}.Release|x64.Build.0 = Release|x64
	EndGlobalSection
	GlobalSection(SolutionProperties) = preSolution
		HideSolutionNode = FALSE
	EndGlobalSection
	GlobalSection(ExtensibilityGlobals) = postSolution
		SolutionGuid = {7BF1D844-37CD-4524-9D06-0BA9E5A1F185}
	EndGlobalSection
EndGlobal
